
Microsoft Visual Studio Solution File, Format Version 12.00
# Visual Studio Version 17
VisualStudioVersion = 17.0.31903.59
MinimumVisualStudioVersion = 10.0.40219.1
Project("{2150E333-8FDC-42A3-9474-1A3956D46DE8}") = "OscarAdmin_App", "OscarAdmin_App", "{933671EE-D4B2-EA79-B851-9DD6FC30EF6F}"
EndProject
Project("{FAE04EC0-301F-11D3-BF4B-00C04F79EFBC}") = "OscarAdmin", "OscarAdmin_App\OscarAdmin.csproj", "{FF82DEE5-6EBA-402B-8740-D767A68E0FD6}"
EndProject
Project("{2150E333-8FDC-42A3-9474-1A3956D46DE8}") = "OscarView_App", "OscarView_App", "{A712AE54-1A8B-AB72-EDB0-F2E017C19011}"
EndProject
Project("{FAE04EC0-301F-11D3-BF4B-00C04F79EFBC}") = "OscarView", "OscarView_App\OscarView.csproj", "{C076A2C7-B4AE-4C4D-95DA-6A13D8BD97E0}"
EndProject
Project("{2150E333-8FDC-42A3-9474-1A3956D46DE8}") = "OscarModel_Lib", "OscarModel_Lib", "{278A4B4B-7EB3-4BDA-15D2-31F60D07E3A5}"
EndProject
Project("{FAE04EC0-301F-11D3-BF4B-00C04F79EFBC}") = "OscarModel", "OscarModel_Lib\OscarModel.csproj", "{4129C719-4CF2-4AB1-9C0C-3335E120179A}"
EndProject
Project("{2150E333-8FDC-42A3-9474-1A3956D46DE8}") = "OscarUI_Lib", "OscarUI_Lib", "{D0A23537-C642-4D16-513F-7BCA019AEF5A}"
EndProject
Project("{FAE04EC0-301F-11D3-BF4B-00C04F79EFBC}") = "OscarUI", "OscarUI_Lib\OscarUI.csproj", "{DAFBDB46-AE84-4E0C-B77B-09758650BFEE}"
EndProject
Global
	GlobalSection(SolutionConfigurationPlatforms) = preSolution
		Debug|Any CPU = Debug|Any CPU
		Debug|x64 = Debug|x64
		Debug|x86 = Debug|x86
		Release|Any CPU = Release|Any CPU
		Release|x64 = Release|x64
		Release|x86 = Release|x86
	EndGlobalSection
	GlobalSection(ProjectConfigurationPlatforms) = postSolution
		{FF82DEE5-6EBA-402B-8740-D767A68E0FD6}.Debug|Any CPU.ActiveCfg = Debug|Any CPU
		{FF82DEE5-6EBA-402B-8740-D767A68E0FD6}.Debug|Any CPU.Build.0 = Debug|Any CPU
		{FF82DEE5-6EBA-402B-8740-D767A68E0FD6}.Debug|x64.ActiveCfg = Debug|Any CPU
		{FF82DEE5-6EBA-402B-8740-D767A68E0FD6}.Debug|x64.Build.0 = Debug|Any CPU
		{FF82DEE5-6EBA-402B-8740-D767A68E0FD6}.Debug|x86.ActiveCfg = Debug|Any CPU
		{FF82DEE5-6EBA-402B-8740-D767A68E0FD6}.Debug|x86.Build.0 = Debug|Any CPU
		{FF82DEE5-6EBA-402B-8740-D767A68E0FD6}.Release|Any CPU.ActiveCfg = Release|Any CPU
		{FF82DEE5-6EBA-402B-8740-D767A68E0FD6}.Release|Any CPU.Build.0 = Release|Any CPU
		{FF82DEE5-6EBA-402B-8740-D767A68E0FD6}.Release|x64.ActiveCfg = Release|Any CPU
		{FF82DEE5-6EBA-402B-8740-D767A68E0FD6}.Release|x64.Build.0 = Release|Any CPU
		{FF82DEE5-6EBA-402B-8740-D767A68E0FD6}.Release|x86.ActiveCfg = Release|Any CPU
		{FF82DEE5-6EBA-402B-8740-D767A68E0FD6}.Release|x86.Build.0 = Release|Any CPU
		{C076A2C7-B4AE-4C4D-95DA-6A13D8BD97E0}.Debug|Any CPU.ActiveCfg = Debug|Any CPU
		{C076A2C7-B4AE-4C4D-95DA-6A13D8BD97E0}.Debug|Any CPU.Build.0 = Debug|Any CPU
		{C076A2C7-B4AE-4C4D-95DA-6A13D8BD97E0}.Debug|x64.ActiveCfg = Debug|Any CPU
		{C076A2C7-B4AE-4C4D-95DA-6A13D8BD97E0}.Debug|x64.Build.0 = Debug|Any CPU
		{C076A2C7-B4AE-4C4D-95DA-6A13D8BD97E0}.Debug|x86.ActiveCfg = Debug|Any CPU
		{C076A2C7-B4AE-4C4D-95DA-6A13D8BD97E0}.Debug|x86.Build.0 = Debug|Any CPU
		{C076A2C7-B4AE-4C4D-95DA-6A13D8BD97E0}.Release|Any CPU.ActiveCfg = Release|Any CPU
		{C076A2C7-B4AE-4C4D-95DA-6A13D8BD97E0}.Release|Any CPU.Build.0 = Release|Any CPU
		{C076A2C7-B4AE-4C4D-95DA-6A13D8BD97E0}.Release|x64.ActiveCfg = Release|Any CPU
		{C076A2C7-B4AE-4C4D-95DA-6A13D8BD97E0}.Release|x64.Build.0 = Release|Any CPU
		{C076A2C7-B4AE-4C4D-95DA-6A13D8BD97E0}.Release|x86.ActiveCfg = Release|Any CPU
		{C076A2C7-B4AE-4C4D-95DA-6A13D8BD97E0}.Release|x86.Build.0 = Release|Any CPU
		{4129C719-4CF2-4AB1-9C0C-3335E120179A}.Debug|Any CPU.ActiveCfg = Debug|Any CPU
		{4129C719-4CF2-4AB1-9C0C-3335E120179A}.Debug|Any CPU.Build.0 = Debug|Any CPU
		{4129C719-4CF2-4AB1-9C0C-3335E120179A}.Debug|x64.ActiveCfg = Debug|Any CPU
		{4129C719-4CF2-4AB1-9C0C-3335E120179A}.Debug|x64.Build.0 = Debug|Any CPU
		{4129C719-4CF2-4AB1-9C0C-3335E120179A}.Debug|x86.ActiveCfg = Debug|Any CPU
		{4129C719-4CF2-4AB1-9C0C-3335E120179A}.Debug|x86.Build.0 = Debug|Any CPU
		{4129C719-4CF2-4AB1-9C0C-3335E120179A}.Release|Any CPU.ActiveCfg = Release|Any CPU
		{4129C719-4CF2-4AB1-9C0C-3335E120179A}.Release|Any CPU.Build.0 = Release|Any CPU
		{4129C719-4CF2-4AB1-9C0C-3335E120179A}.Release|x64.ActiveCfg = Release|Any CPU
		{4129C719-4CF2-4AB1-9C0C-3335E120179A}.Release|x64.Build.0 = Release|Any CPU
		{4129C719-4CF2-4AB1-9C0C-3335E120179A}.Release|x86.ActiveCfg = Release|Any CPU
		{4129C719-4CF2-4AB1-9C0C-3335E120179A}.Release|x86.Build.0 = Release|Any CPU
		{DAFBDB46-AE84-4E0C-B77B-09758650BFEE}.Debug|Any CPU.ActiveCfg = Debug|Any CPU
		{DAFBDB46-AE84-4E0C-B77B-09758650BFEE}.Debug|Any CPU.Build.0 = Debug|Any CPU
		{DAFBDB46-AE84-4E0C-B77B-09758650BFEE}.Debug|x64.ActiveCfg = Debug|Any CPU
		{DAFBDB46-AE84-4E0C-B77B-09758650BFEE}.Debug|x64.Build.0 = Debug|Any CPU
		{DAFBDB46-AE84-4E0C-B77B-09758650BFEE}.Debug|x86.ActiveCfg = Debug|Any CPU
		{DAFBDB46-AE84-4E0C-B77B-09758650BFEE}.Debug|x86.Build.0 = Debug|Any CPU
		{DAFBDB46-AE84-4E0C-B77B-09758650BFEE}.Release|Any CPU.ActiveCfg = Release|Any CPU
		{DAFBDB46-AE84-4E0C-B77B-09758650BFEE}.Release|Any CPU.Build.0 = Release|Any CPU
		{DAFBDB46-AE84-4E0C-B77B-09758650BFEE}.Release|x64.ActiveCfg = Release|Any CPU
		{DAFBDB46-AE84-4E0C-B77B-09758650BFEE}.Release|x64.Build.0 = Release|Any CPU
		{DAFBDB46-AE84-4E0C-B77B-09758650BFEE}.Release|x86.ActiveCfg = Release|Any CPU
		{DAFBDB46-AE84-4E0C-B77B-09758650BFEE}.Release|x86.Build.0 = Release|Any CPU
	EndGlobalSection
	GlobalSection(SolutionProperties) = preSolution
		HideSolutionNode = FALSE
	EndGlobalSection
	GlobalSection(NestedProjects) = preSolution
		{FF82DEE5-6EBA-402B-8740-D767A68E0FD6} = {933671EE-D4B2-EA79-B851-9DD6FC30EF6F}
		{C076A2C7-B4AE-4C4D-95DA-6A13D8BD97E0} = {A712AE54-1A8B-AB72-EDB0-F2E017C19011}
		{4129C719-4CF2-4AB1-9C0C-3335E120179A} = {278A4B4B-7EB3-4BDA-15D2-31F60D07E3A5}
		{DAFBDB46-AE84-4E0C-B77B-09758650BFEE} = {D0A23537-C642-4D16-513F-7BCA019AEF5A}
	EndGlobalSection
EndGlobal
